
Microsoft Visual Studio Solution File, Format Version 12.00
# Visual Studio 2012
Project("{FAE04EC0-301F-11D3-BF4B-00C04F79EFBC}") = "RIO", "RIO\RIO.csproj", "{CE98A7D0-5B35-436F-A33F-210A856F1F6F}"
EndProject
Project("{2150E333-8FDC-42A3-9474-1A3956D46DE8}") = "WebSite", "WebSite", "{A32AA1D8-FEB7-4DE3-B04A-50BD9BC45CC3}"
EndProject
Project("{2150E333-8FDC-42A3-9474-1A3956D46DE8}") = "Core.Api", "Core.Api", "{035E115A-ABF1-4B10-ACAC-61DFE11A0F38}"
EndProject
Project("{FAE04EC0-301F-11D3-BF4B-00C04F79EFBC}") = "Rio.App", "Rio.App\Rio.App.csproj", "{97424160-EFBD-4AFE-B4DF-15D9957C2D71}"
EndProject
Project("{FAE04EC0-301F-11D3-BF4B-00C04F79EFBC}") = "Repository", "Repository\Repository.csproj", "{F9A6F861-8DA2-4097-862F-4F9E3D2E3139}"
EndProject
Project("{FAE04EC0-301F-11D3-BF4B-00C04F79EFBC}") = "Modelo", "Modelo\Modelo.csproj", "{A7E85B1A-C365-4265-B173-FC23B719D0F2}"
EndProject
Global
	GlobalSection(SolutionConfigurationPlatforms) = preSolution
		Debug|Any CPU = Debug|Any CPU
		Release|Any CPU = Release|Any CPU
	EndGlobalSection
	GlobalSection(ProjectConfigurationPlatforms) = postSolution
		{CE98A7D0-5B35-436F-A33F-210A856F1F6F}.Debug|Any CPU.ActiveCfg = Debug|Any CPU
		{CE98A7D0-5B35-436F-A33F-210A856F1F6F}.Debug|Any CPU.Build.0 = Debug|Any CPU
		{CE98A7D0-5B35-436F-A33F-210A856F1F6F}.Release|Any CPU.ActiveCfg = Release|Any CPU
		{CE98A7D0-5B35-436F-A33F-210A856F1F6F}.Release|Any CPU.Build.0 = Release|Any CPU
		{97424160-EFBD-4AFE-B4DF-15D9957C2D71}.Debug|Any CPU.ActiveCfg = Debug|Any CPU
		{97424160-EFBD-4AFE-B4DF-15D9957C2D71}.Debug|Any CPU.Build.0 = Debug|Any CPU
		{97424160-EFBD-4AFE-B4DF-15D9957C2D71}.Release|Any CPU.ActiveCfg = Release|Any CPU
		{97424160-EFBD-4AFE-B4DF-15D9957C2D71}.Release|Any CPU.Build.0 = Release|Any CPU
		{F9A6F861-8DA2-4097-862F-4F9E3D2E3139}.Debug|Any CPU.ActiveCfg = Debug|Any CPU
		{F9A6F861-8DA2-4097-862F-4F9E3D2E3139}.Debug|Any CPU.Build.0 = Debug|Any CPU
		{F9A6F861-8DA2-4097-862F-4F9E3D2E3139}.Release|Any CPU.ActiveCfg = Release|Any CPU
		{F9A6F861-8DA2-4097-862F-4F9E3D2E3139}.Release|Any CPU.Build.0 = Release|Any CPU
		{A7E85B1A-C365-4265-B173-FC23B719D0F2}.Debug|Any CPU.ActiveCfg = Debug|Any CPU
		{A7E85B1A-C365-4265-B173-FC23B719D0F2}.Debug|Any CPU.Build.0 = Debug|Any CPU
		{A7E85B1A-C365-4265-B173-FC23B719D0F2}.Release|Any CPU.ActiveCfg = Release|Any CPU
		{A7E85B1A-C365-4265-B173-FC23B719D0F2}.Release|Any CPU.Build.0 = Release|Any CPU
	EndGlobalSection
	GlobalSection(SolutionProperties) = preSolution
		HideSolutionNode = FALSE
	EndGlobalSection
	GlobalSection(NestedProjects) = preSolution
		{CE98A7D0-5B35-436F-A33F-210A856F1F6F} = {A32AA1D8-FEB7-4DE3-B04A-50BD9BC45CC3}
		{97424160-EFBD-4AFE-B4DF-15D9957C2D71} = {035E115A-ABF1-4B10-ACAC-61DFE11A0F38}
		{F9A6F861-8DA2-4097-862F-4F9E3D2E3139} = {035E115A-ABF1-4B10-ACAC-61DFE11A0F38}
		{A7E85B1A-C365-4265-B173-FC23B719D0F2} = {035E115A-ABF1-4B10-ACAC-61DFE11A0F38}
	EndGlobalSection
EndGlobal
